// !$*UTF8*$!
{
	archiveVersion = 1;
	classes = {
	};
	objectVersion = 46;
	objects = {

/* Begin PBXBuildFile section */
		358907601F324BAE0017FF7D /* Tasks.swift in Sources */ = {isa = PBXBuildFile; fileRef = 3589075F1F324BAE0017FF7D /* Tasks.swift */; };
		358907621F324BE10017FF7D /* SwiftyJSON.swift in Sources */ = {isa = PBXBuildFile; fileRef = 358907611F324BE10017FF7D /* SwiftyJSON.swift */; };
		358907641F44A2740017FF7D /* ServerCommunication.swift in Sources */ = {isa = PBXBuildFile; fileRef = 358907631F44A2740017FF7D /* ServerCommunication.swift */; };
		35F114711F2F8576001ADF8E /* AppDelegate.swift in Sources */ = {isa = PBXBuildFile; fileRef = 35F114701F2F8576001ADF8E /* AppDelegate.swift */; };
		35F114731F2F8576001ADF8E /* ViewController.swift in Sources */ = {isa = PBXBuildFile; fileRef = 35F114721F2F8576001ADF8E /* ViewController.swift */; };
		35F114761F2F8576001ADF8E /* Main.storyboard in Resources */ = {isa = PBXBuildFile; fileRef = 35F114741F2F8576001ADF8E /* Main.storyboard */; };
		35F1147B1F2F8576001ADF8E /* LaunchScreen.storyboard in Resources */ = {isa = PBXBuildFile; fileRef = 35F114791F2F8576001ADF8E /* LaunchScreen.storyboard */; };
		35F114861F2F8576001ADF8E /* ClientConnectTests.swift in Sources */ = {isa = PBXBuildFile; fileRef = 35F114851F2F8576001ADF8E /* ClientConnectTests.swift */; };
		35F114911F2F8576001ADF8E /* ClientConnectUITests.swift in Sources */ = {isa = PBXBuildFile; fileRef = 35F114901F2F8576001ADF8E /* ClientConnectUITests.swift */; };
		446C74D3DE7D7E762B724156 /* Pods_ClientConnect.framework in Frameworks */ = {isa = PBXBuildFile; fileRef = 44864FCFE0DC59B7C5DDEFF3 /* Pods_ClientConnect.framework */; };
		8EB1BDEE59ED32290D4E8A5C /* Pods_ClientConnectUITests.framework in Frameworks */ = {isa = PBXBuildFile; fileRef = 3E11D12EB0B36AFC2A3CDAE8 /* Pods_ClientConnectUITests.framework */; };
		9E35B61A1F48AF3D003425EB /* MyJob.swift in Sources */ = {isa = PBXBuildFile; fileRef = 9E35B6191F48AF3D003425EB /* MyJob.swift */; };
		9ED46AEF1F49C82300B8E698 /* SosTasks.swift in Sources */ = {isa = PBXBuildFile; fileRef = 9ED46AEE1F49C82300B8E698 /* SosTasks.swift */; };
		9ED46AF11F49D3DC00B8E698 /* GoogleService-Info.plist in Resources */ = {isa = PBXBuildFile; fileRef = 9ED46AF01F49D3DC00B8E698 /* GoogleService-Info.plist */; };
		9EE91B561F487A220029A895 /* SecondPage.swift in Sources */ = {isa = PBXBuildFile; fileRef = 9EE91B551F487A220029A895 /* SecondPage.swift */; };
		B08A0EEA3244E750901DE4DA /* Pods_ClientConnectTests.framework in Frameworks */ = {isa = PBXBuildFile; fileRef = 2671E84AD110D1696E4CB230 /* Pods_ClientConnectTests.framework */; };
/* End PBXBuildFile section */

/* Begin PBXContainerItemProxy section */
		35F114821F2F8576001ADF8E /* PBXContainerItemProxy */ = {
			isa = PBXContainerItemProxy;
			containerPortal = 35F114651F2F8576001ADF8E /* Project object */;
			proxyType = 1;
			remoteGlobalIDString = 35F1146C1F2F8576001ADF8E;
			remoteInfo = ClientConnect;
		};
		35F1148D1F2F8576001ADF8E /* PBXContainerItemProxy */ = {
			isa = PBXContainerItemProxy;
			containerPortal = 35F114651F2F8576001ADF8E /* Project object */;
			proxyType = 1;
			remoteGlobalIDString = 35F1146C1F2F8576001ADF8E;
			remoteInfo = ClientConnect;
		};
/* End PBXContainerItemProxy section */

/* Begin PBXFileReference section */
		07635CE09A39B7806B3083C6 /* Pods-ClientConnectTests.release.xcconfig */ = {isa = PBXFileReference; includeInIndex = 1; lastKnownFileType = text.xcconfig; name = "Pods-ClientConnectTests.release.xcconfig"; path = "Pods/Target Support Files/Pods-ClientConnectTests/Pods-ClientConnectTests.release.xcconfig"; sourceTree = "<group>"; };
		14E009215BFF2C8EB25081B7 /* Pods-ClientConnect.debug.xcconfig */ = {isa = PBXFileReference; includeInIndex = 1; lastKnownFileType = text.xcconfig; name = "Pods-ClientConnect.debug.xcconfig"; path = "Pods/Target Support Files/Pods-ClientConnect/Pods-ClientConnect.debug.xcconfig"; sourceTree = "<group>"; };
		2671E84AD110D1696E4CB230 /* Pods_ClientConnectTests.framework */ = {isa = PBXFileReference; explicitFileType = wrapper.framework; includeInIndex = 0; path = Pods_ClientConnectTests.framework; sourceTree = BUILT_PRODUCTS_DIR; };
		3589075F1F324BAE0017FF7D /* Tasks.swift */ = {isa = PBXFileReference; fileEncoding = 4; lastKnownFileType = sourcecode.swift; path = Tasks.swift; sourceTree = "<group>"; };
		358907611F324BE10017FF7D /* SwiftyJSON.swift */ = {isa = PBXFileReference; fileEncoding = 4; lastKnownFileType = sourcecode.swift; path = SwiftyJSON.swift; sourceTree = "<group>"; };
		358907631F44A2740017FF7D /* ServerCommunication.swift */ = {isa = PBXFileReference; fileEncoding = 4; lastKnownFileType = sourcecode.swift; path = ServerCommunication.swift; sourceTree = "<group>"; };
		35F1146D1F2F8576001ADF8E /* ClientConnect.app */ = {isa = PBXFileReference; explicitFileType = wrapper.application; includeInIndex = 0; path = ClientConnect.app; sourceTree = BUILT_PRODUCTS_DIR; };
		35F114701F2F8576001ADF8E /* AppDelegate.swift */ = {isa = PBXFileReference; lastKnownFileType = sourcecode.swift; path = AppDelegate.swift; sourceTree = "<group>"; };
		35F114721F2F8576001ADF8E /* ViewController.swift */ = {isa = PBXFileReference; lastKnownFileType = sourcecode.swift; path = ViewController.swift; sourceTree = "<group>"; };
		35F114751F2F8576001ADF8E /* Base */ = {isa = PBXFileReference; lastKnownFileType = file.storyboard; name = Base; path = Base.lproj/Main.storyboard; sourceTree = "<group>"; };
		35F1147A1F2F8576001ADF8E /* Base */ = {isa = PBXFileReference; lastKnownFileType = file.storyboard; name = Base; path = Base.lproj/LaunchScreen.storyboard; sourceTree = "<group>"; };
		35F1147C1F2F8576001ADF8E /* Info.plist */ = {isa = PBXFileReference; lastKnownFileType = text.plist.xml; path = Info.plist; sourceTree = "<group>"; };
		35F114811F2F8576001ADF8E /* ClientConnectTests.xctest */ = {isa = PBXFileReference; explicitFileType = wrapper.cfbundle; includeInIndex = 0; path = ClientConnectTests.xctest; sourceTree = BUILT_PRODUCTS_DIR; };
		35F114851F2F8576001ADF8E /* ClientConnectTests.swift */ = {isa = PBXFileReference; lastKnownFileType = sourcecode.swift; path = ClientConnectTests.swift; sourceTree = "<group>"; };
		35F114871F2F8576001ADF8E /* Info.plist */ = {isa = PBXFileReference; lastKnownFileType = text.plist.xml; path = Info.plist; sourceTree = "<group>"; };
		35F1148C1F2F8576001ADF8E /* ClientConnectUITests.xctest */ = {isa = PBXFileReference; explicitFileType = wrapper.cfbundle; includeInIndex = 0; path = ClientConnectUITests.xctest; sourceTree = BUILT_PRODUCTS_DIR; };
		35F114901F2F8576001ADF8E /* ClientConnectUITests.swift */ = {isa = PBXFileReference; lastKnownFileType = sourcecode.swift; path = ClientConnectUITests.swift; sourceTree = "<group>"; };
		35F114921F2F8576001ADF8E /* Info.plist */ = {isa = PBXFileReference; lastKnownFileType = text.plist.xml; path = Info.plist; sourceTree = "<group>"; };
		3E11D12EB0B36AFC2A3CDAE8 /* Pods_ClientConnectUITests.framework */ = {isa = PBXFileReference; explicitFileType = wrapper.framework; includeInIndex = 0; path = Pods_ClientConnectUITests.framework; sourceTree = BUILT_PRODUCTS_DIR; };
		44864FCFE0DC59B7C5DDEFF3 /* Pods_ClientConnect.framework */ = {isa = PBXFileReference; explicitFileType = wrapper.framework; includeInIndex = 0; path = Pods_ClientConnect.framework; sourceTree = BUILT_PRODUCTS_DIR; };
		7749FB55E9AECD91BEA95407 /* Pods-ClientConnect.release.xcconfig */ = {isa = PBXFileReference; includeInIndex = 1; lastKnownFileType = text.xcconfig; name = "Pods-ClientConnect.release.xcconfig"; path = "Pods/Target Support Files/Pods-ClientConnect/Pods-ClientConnect.release.xcconfig"; sourceTree = "<group>"; };
		99819F3424C157B86629F7EE /* Pods-ClientConnectUITests.release.xcconfig */ = {isa = PBXFileReference; includeInIndex = 1; lastKnownFileType = text.xcconfig; name = "Pods-ClientConnectUITests.release.xcconfig"; path = "Pods/Target Support Files/Pods-ClientConnectUITests/Pods-ClientConnectUITests.release.xcconfig"; sourceTree = "<group>"; };
		9E35B6191F48AF3D003425EB /* MyJob.swift */ = {isa = PBXFileReference; fileEncoding = 4; lastKnownFileType = sourcecode.swift; path = MyJob.swift; sourceTree = "<group>"; };
		9ED46AEE1F49C82300B8E698 /* SosTasks.swift */ = {isa = PBXFileReference; fileEncoding = 4; lastKnownFileType = sourcecode.swift; path = SosTasks.swift; sourceTree = "<group>"; };
		9ED46AF01F49D3DC00B8E698 /* GoogleService-Info.plist */ = {isa = PBXFileReference; fileEncoding = 4; lastKnownFileType = text.plist.xml; path = "GoogleService-Info.plist"; sourceTree = "<group>"; };
		9EE91B551F487A220029A895 /* SecondPage.swift */ = {isa = PBXFileReference; fileEncoding = 4; lastKnownFileType = sourcecode.swift; path = SecondPage.swift; sourceTree = "<group>"; };
		E12AA8D16C8EEB4713842F44 /* Pods-ClientConnectTests.debug.xcconfig */ = {isa = PBXFileReference; includeInIndex = 1; lastKnownFileType = text.xcconfig; name = "Pods-ClientConnectTests.debug.xcconfig"; path = "Pods/Target Support Files/Pods-ClientConnectTests/Pods-ClientConnectTests.debug.xcconfig"; sourceTree = "<group>"; };
		F9CFBD4111221F252CFCD1DE /* Pods-ClientConnectUITests.debug.xcconfig */ = {isa = PBXFileReference; includeInIndex = 1; lastKnownFileType = text.xcconfig; name = "Pods-ClientConnectUITests.debug.xcconfig"; path = "Pods/Target Support Files/Pods-ClientConnectUITests/Pods-ClientConnectUITests.debug.xcconfig"; sourceTree = "<group>"; };
/* End PBXFileReference section */

/* Begin PBXFrameworksBuildPhase section */
		35F1146A1F2F8576001ADF8E /* Frameworks */ = {
			isa = PBXFrameworksBuildPhase;
			buildActionMask = 2147483647;
			files = (
				446C74D3DE7D7E762B724156 /* Pods_ClientConnect.framework in Frameworks */,
			);
			runOnlyForDeploymentPostprocessing = 0;
		};
		35F1147E1F2F8576001ADF8E /* Frameworks */ = {
			isa = PBXFrameworksBuildPhase;
			buildActionMask = 2147483647;
			files = (
				B08A0EEA3244E750901DE4DA /* Pods_ClientConnectTests.framework in Frameworks */,
			);
			runOnlyForDeploymentPostprocessing = 0;
		};
		35F114891F2F8576001ADF8E /* Frameworks */ = {
			isa = PBXFrameworksBuildPhase;
			buildActionMask = 2147483647;
			files = (
				8EB1BDEE59ED32290D4E8A5C /* Pods_ClientConnectUITests.framework in Frameworks */,
			);
			runOnlyForDeploymentPostprocessing = 0;
		};
/* End PBXFrameworksBuildPhase section */

/* Begin PBXGroup section */
		14D3DC9C3F50F1AA8301A05E /* Pods */ = {
			isa = PBXGroup;
			children = (
				14E009215BFF2C8EB25081B7 /* Pods-ClientConnect.debug.xcconfig */,
				7749FB55E9AECD91BEA95407 /* Pods-ClientConnect.release.xcconfig */,
				E12AA8D16C8EEB4713842F44 /* Pods-ClientConnectTests.debug.xcconfig */,
				07635CE09A39B7806B3083C6 /* Pods-ClientConnectTests.release.xcconfig */,
				F9CFBD4111221F252CFCD1DE /* Pods-ClientConnectUITests.debug.xcconfig */,
				99819F3424C157B86629F7EE /* Pods-ClientConnectUITests.release.xcconfig */,
			);
			name = Pods;
			sourceTree = "<group>";
		};
		35F114641F2F8576001ADF8E = {
			isa = PBXGroup;
			children = (
				35F1146F1F2F8576001ADF8E /* ClientConnect */,
				35F114841F2F8576001ADF8E /* ClientConnectTests */,
				35F1148F1F2F8576001ADF8E /* ClientConnectUITests */,
				35F1146E1F2F8576001ADF8E /* Products */,
				CF80A920DF2A9DA7D2FBB860 /* Frameworks */,
				14D3DC9C3F50F1AA8301A05E /* Pods */,
			);
			sourceTree = "<group>";
		};
		35F1146E1F2F8576001ADF8E /* Products */ = {
			isa = PBXGroup;
			children = (
				35F1146D1F2F8576001ADF8E /* ClientConnect.app */,
				35F114811F2F8576001ADF8E /* ClientConnectTests.xctest */,
				35F1148C1F2F8576001ADF8E /* ClientConnectUITests.xctest */,
			);
			name = Products;
			sourceTree = "<group>";
		};
		35F1146F1F2F8576001ADF8E /* ClientConnect */ = {
			isa = PBXGroup;
			children = (
				35F114701F2F8576001ADF8E /* AppDelegate.swift */,
				35F114721F2F8576001ADF8E /* ViewController.swift */,
				35F114741F2F8576001ADF8E /* Main.storyboard */,
				35F114791F2F8576001ADF8E /* LaunchScreen.storyboard */,
				35F1147C1F2F8576001ADF8E /* Info.plist */,
				3589075F1F324BAE0017FF7D /* Tasks.swift */,
				358907611F324BE10017FF7D /* SwiftyJSON.swift */,
				9ED46AF01F49D3DC00B8E698 /* GoogleService-Info.plist */,
				358907631F44A2740017FF7D /* ServerCommunication.swift */,
				9EE91B551F487A220029A895 /* SecondPage.swift */,
				9E35B6191F48AF3D003425EB /* MyJob.swift */,
				9ED46AEE1F49C82300B8E698 /* SosTasks.swift */,
			);
			path = ClientConnect;
			sourceTree = "<group>";
		};
		35F114841F2F8576001ADF8E /* ClientConnectTests */ = {
			isa = PBXGroup;
			children = (
				35F114851F2F8576001ADF8E /* ClientConnectTests.swift */,
				35F114871F2F8576001ADF8E /* Info.plist */,
			);
			path = ClientConnectTests;
			sourceTree = "<group>";
		};
		35F1148F1F2F8576001ADF8E /* ClientConnectUITests */ = {
			isa = PBXGroup;
			children = (
				35F114901F2F8576001ADF8E /* ClientConnectUITests.swift */,
				35F114921F2F8576001ADF8E /* Info.plist */,
			);
			path = ClientConnectUITests;
			sourceTree = "<group>";
		};
		CF80A920DF2A9DA7D2FBB860 /* Frameworks */ = {
			isa = PBXGroup;
			children = (
				44864FCFE0DC59B7C5DDEFF3 /* Pods_ClientConnect.framework */,
				2671E84AD110D1696E4CB230 /* Pods_ClientConnectTests.framework */,
				3E11D12EB0B36AFC2A3CDAE8 /* Pods_ClientConnectUITests.framework */,
			);
			name = Frameworks;
			sourceTree = "<group>";
		};
/* End PBXGroup section */

/* Begin PBXNativeTarget section */
		35F1146C1F2F8576001ADF8E /* ClientConnect */ = {
			isa = PBXNativeTarget;
			buildConfigurationList = 35F114951F2F8576001ADF8E /* Build configuration list for PBXNativeTarget "ClientConnect" */;
			buildPhases = (
				75998F1F5BEE2DBF9AC99E6E /* [CP] Check Pods Manifest.lock */,
				35F114691F2F8576001ADF8E /* Sources */,
				35F1146A1F2F8576001ADF8E /* Frameworks */,
				35F1146B1F2F8576001ADF8E /* Resources */,
				0513BFF3D2ABEC7630F8BBEF /* [CP] Embed Pods Frameworks */,
				81D5369AB961CDD5E0ADAF8B /* [CP] Copy Pods Resources */,
			);
			buildRules = (
			);
			dependencies = (
			);
			name = ClientConnect;
			productName = ClientConnect;
			productReference = 35F1146D1F2F8576001ADF8E /* ClientConnect.app */;
			productType = "com.apple.product-type.application";
		};
		35F114801F2F8576001ADF8E /* ClientConnectTests */ = {
			isa = PBXNativeTarget;
			buildConfigurationList = 35F114981F2F8576001ADF8E /* Build configuration list for PBXNativeTarget "ClientConnectTests" */;
			buildPhases = (
				4D918F8EF6C3CC16FDB817B8 /* [CP] Check Pods Manifest.lock */,
				35F1147D1F2F8576001ADF8E /* Sources */,
				35F1147E1F2F8576001ADF8E /* Frameworks */,
				35F1147F1F2F8576001ADF8E /* Resources */,
				F03B6B81D182FF389181BCC4 /* [CP] Embed Pods Frameworks */,
				703D5347B7DE60C69C5AADD2 /* [CP] Copy Pods Resources */,
			);
			buildRules = (
			);
			dependencies = (
				35F114831F2F8576001ADF8E /* PBXTargetDependency */,
			);
			name = ClientConnectTests;
			productName = ClientConnectTests;
			productReference = 35F114811F2F8576001ADF8E /* ClientConnectTests.xctest */;
			productType = "com.apple.product-type.bundle.unit-test";
		};
		35F1148B1F2F8576001ADF8E /* ClientConnectUITests */ = {
			isa = PBXNativeTarget;
			buildConfigurationList = 35F1149B1F2F8576001ADF8E /* Build configuration list for PBXNativeTarget "ClientConnectUITests" */;
			buildPhases = (
				DFAB34328AE35C4B2C063681 /* [CP] Check Pods Manifest.lock */,
				35F114881F2F8576001ADF8E /* Sources */,
				35F114891F2F8576001ADF8E /* Frameworks */,
				35F1148A1F2F8576001ADF8E /* Resources */,
				588A08B1CE5D6BF8F3AC6010 /* [CP] Embed Pods Frameworks */,
				E58C2511E6455BDF6B1B0889 /* [CP] Copy Pods Resources */,
			);
			buildRules = (
			);
			dependencies = (
				35F1148E1F2F8576001ADF8E /* PBXTargetDependency */,
			);
			name = ClientConnectUITests;
			productName = ClientConnectUITests;
			productReference = 35F1148C1F2F8576001ADF8E /* ClientConnectUITests.xctest */;
			productType = "com.apple.product-type.bundle.ui-testing";
		};
/* End PBXNativeTarget section */

/* Begin PBXProject section */
		35F114651F2F8576001ADF8E /* Project object */ = {
			isa = PBXProject;
			attributes = {
				LastSwiftUpdateCheck = 0830;
				LastUpgradeCheck = 0830;
				ORGANIZATIONNAME = Humber;
				TargetAttributes = {
					35F1146C1F2F8576001ADF8E = {
						CreatedOnToolsVersion = 8.3.3;
						ProvisioningStyle = Automatic;
					};
					35F114801F2F8576001ADF8E = {
						CreatedOnToolsVersion = 8.3.3;
						ProvisioningStyle = Automatic;
						TestTargetID = 35F1146C1F2F8576001ADF8E;
					};
					35F1148B1F2F8576001ADF8E = {
						CreatedOnToolsVersion = 8.3.3;
						ProvisioningStyle = Automatic;
						TestTargetID = 35F1146C1F2F8576001ADF8E;
					};
				};
			};
			buildConfigurationList = 35F114681F2F8576001ADF8E /* Build configuration list for PBXProject "ClientConnect" */;
			compatibilityVersion = "Xcode 3.2";
			developmentRegion = English;
			hasScannedForEncodings = 0;
			knownRegions = (
				en,
				Base,
			);
			mainGroup = 35F114641F2F8576001ADF8E;
			productRefGroup = 35F1146E1F2F8576001ADF8E /* Products */;
			projectDirPath = "";
			projectRoot = "";
			targets = (
				35F1146C1F2F8576001ADF8E /* ClientConnect */,
				35F114801F2F8576001ADF8E /* ClientConnectTests */,
				35F1148B1F2F8576001ADF8E /* ClientConnectUITests */,
			);
		};
/* End PBXProject section */

/* Begin PBXResourcesBuildPhase section */
		35F1146B1F2F8576001ADF8E /* Resources */ = {
			isa = PBXResourcesBuildPhase;
			buildActionMask = 2147483647;
			files = (
				35F1147B1F2F8576001ADF8E /* LaunchScreen.storyboard in Resources */,
				35F114761F2F8576001ADF8E /* Main.storyboard in Resources */,
				9ED46AF11F49D3DC00B8E698 /* GoogleService-Info.plist in Resources */,
			);
			runOnlyForDeploymentPostprocessing = 0;
		};
		35F1147F1F2F8576001ADF8E /* Resources */ = {
			isa = PBXResourcesBuildPhase;
			buildActionMask = 2147483647;
			files = (
			);
			runOnlyForDeploymentPostprocessing = 0;
		};
		35F1148A1F2F8576001ADF8E /* Resources */ = {
			isa = PBXResourcesBuildPhase;
			buildActionMask = 2147483647;
			files = (
			);
			runOnlyForDeploymentPostprocessing = 0;
		};
/* End PBXResourcesBuildPhase section */

/* Begin PBXShellScriptBuildPhase section */
		0513BFF3D2ABEC7630F8BBEF /* [CP] Embed Pods Frameworks */ = {
			isa = PBXShellScriptBuildPhase;
			buildActionMask = 2147483647;
			files = (
			);
			inputPaths = (
			);
			name = "[CP] Embed Pods Frameworks";
			outputPaths = (
			);
			runOnlyForDeploymentPostprocessing = 0;
			shellPath = /bin/sh;
			shellScript = "\"${SRCROOT}/Pods/Target Support Files/Pods-ClientConnect/Pods-ClientConnect-frameworks.sh\"\n";
			showEnvVarsInLog = 0;
		};
		4D918F8EF6C3CC16FDB817B8 /* [CP] Check Pods Manifest.lock */ = {
			isa = PBXShellScriptBuildPhase;
			buildActionMask = 2147483647;
			files = (
			);
			inputPaths = (
			);
			name = "[CP] Check Pods Manifest.lock";
			outputPaths = (
			);
			runOnlyForDeploymentPostprocessing = 0;
			shellPath = /bin/sh;
			shellScript = "diff \"${PODS_PODFILE_DIR_PATH}/Podfile.lock\" \"${PODS_ROOT}/Manifest.lock\" > /dev/null\nif [ $? != 0 ] ; then\n    # print error to STDERR\n    echo \"error: The sandbox is not in sync with the Podfile.lock. Run 'pod install' or update your CocoaPods installation.\" >&2\n    exit 1\nfi\n";
			showEnvVarsInLog = 0;
		};
		588A08B1CE5D6BF8F3AC6010 /* [CP] Embed Pods Frameworks */ = {
			isa = PBXShellScriptBuildPhase;
			buildActionMask = 2147483647;
			files = (
			);
			inputPaths = (
			);
			name = "[CP] Embed Pods Frameworks";
			outputPaths = (
			);
			runOnlyForDeploymentPostprocessing = 0;
			shellPath = /bin/sh;
			shellScript = "\"${SRCROOT}/Pods/Target Support Files/Pods-ClientConnectUITests/Pods-ClientConnectUITests-frameworks.sh\"\n";
			showEnvVarsInLog = 0;
		};
		703D5347B7DE60C69C5AADD2 /* [CP] Copy Pods Resources */ = {
			isa = PBXShellScriptBuildPhase;
			buildActionMask = 2147483647;
			files = (
			);
			inputPaths = (
			);
			name = "[CP] Copy Pods Resources";
			outputPaths = (
			);
			runOnlyForDeploymentPostprocessing = 0;
			shellPath = /bin/sh;
			shellScript = "\"${SRCROOT}/Pods/Target Support Files/Pods-ClientConnectTests/Pods-ClientConnectTests-resources.sh\"\n";
			showEnvVarsInLog = 0;
		};
		75998F1F5BEE2DBF9AC99E6E /* [CP] Check Pods Manifest.lock */ = {
			isa = PBXShellScriptBuildPhase;
			buildActionMask = 2147483647;
			files = (
			);
			inputPaths = (
			);
			name = "[CP] Check Pods Manifest.lock";
			outputPaths = (
			);
			runOnlyForDeploymentPostprocessing = 0;
			shellPath = /bin/sh;
			shellScript = "diff \"${PODS_PODFILE_DIR_PATH}/Podfile.lock\" \"${PODS_ROOT}/Manifest.lock\" > /dev/null\nif [ $? != 0 ] ; then\n    # print error to STDERR\n    echo \"error: The sandbox is not in sync with the Podfile.lock. Run 'pod install' or update your CocoaPods installation.\" >&2\n    exit 1\nfi\n";
			showEnvVarsInLog = 0;
		};
		81D5369AB961CDD5E0ADAF8B /* [CP] Copy Pods Resources */ = {
			isa = PBXShellScriptBuildPhase;
			buildActionMask = 2147483647;
			files = (
			);
			inputPaths = (
			);
			name = "[CP] Copy Pods Resources";
			outputPaths = (
			);
			runOnlyForDeploymentPostprocessing = 0;
			shellPath = /bin/sh;
			shellScript = "\"${SRCROOT}/Pods/Target Support Files/Pods-ClientConnect/Pods-ClientConnect-resources.sh\"\n";
			showEnvVarsInLog = 0;
		};
		DFAB34328AE35C4B2C063681 /* [CP] Check Pods Manifest.lock */ = {
			isa = PBXShellScriptBuildPhase;
			buildActionMask = 2147483647;
			files = (
			);
			inputPaths = (
			);
			name = "[CP] Check Pods Manifest.lock";
			outputPaths = (
			);
			runOnlyForDeploymentPostprocessing = 0;
			shellPath = /bin/sh;
			shellScript = "diff \"${PODS_PODFILE_DIR_PATH}/Podfile.lock\" \"${PODS_ROOT}/Manifest.lock\" > /dev/null\nif [ $? != 0 ] ; then\n    # print error to STDERR\n    echo \"error: The sandbox is not in sync with the Podfile.lock. Run 'pod install' or update your CocoaPods installation.\" >&2\n    exit 1\nfi\n";
			showEnvVarsInLog = 0;
		};
		E58C2511E6455BDF6B1B0889 /* [CP] Copy Pods Resources */ = {
			isa = PBXShellScriptBuildPhase;
			buildActionMask = 2147483647;
			files = (
			);
			inputPaths = (
			);
			name = "[CP] Copy Pods Resources";
			outputPaths = (
			);
			runOnlyForDeploymentPostprocessing = 0;
			shellPath = /bin/sh;
			shellScript = "\"${SRCROOT}/Pods/Target Support Files/Pods-ClientConnectUITests/Pods-ClientConnectUITests-resources.sh\"\n";
			showEnvVarsInLog = 0;
		};
		F03B6B81D182FF389181BCC4 /* [CP] Embed Pods Frameworks */ = {
			isa = PBXShellScriptBuildPhase;
			buildActionMask = 2147483647;
			files = (
			);
			inputPaths = (
			);
			name = "[CP] Embed Pods Frameworks";
			outputPaths = (
			);
			runOnlyForDeploymentPostprocessing = 0;
			shellPath = /bin/sh;
			shellScript = "\"${SRCROOT}/Pods/Target Support Files/Pods-ClientConnectTests/Pods-ClientConnectTests-frameworks.sh\"\n";
			showEnvVarsInLog = 0;
		};
/* End PBXShellScriptBuildPhase section */

/* Begin PBXSourcesBuildPhase section */
		35F114691F2F8576001ADF8E /* Sources */ = {
			isa = PBXSourcesBuildPhase;
			buildActionMask = 2147483647;
			files = (
				358907641F44A2740017FF7D /* ServerCommunication.swift in Sources */,
				9E35B61A1F48AF3D003425EB /* MyJob.swift in Sources */,
				35F114731F2F8576001ADF8E /* ViewController.swift in Sources */,
				9EE91B561F487A220029A895 /* SecondPage.swift in Sources */,
				9ED46AEF1F49C82300B8E698 /* SosTasks.swift in Sources */,
				358907601F324BAE0017FF7D /* Tasks.swift in Sources */,
				35F114711F2F8576001ADF8E /* AppDelegate.swift in Sources */,
				358907621F324BE10017FF7D /* SwiftyJSON.swift in Sources */,
			);
			runOnlyForDeploymentPostprocessing = 0;
		};
		35F1147D1F2F8576001ADF8E /* Sources */ = {
			isa = PBXSourcesBuildPhase;
			buildActionMask = 2147483647;
			files = (
				35F114861F2F8576001ADF8E /* ClientConnectTests.swift in Sources */,
			);
			runOnlyForDeploymentPostprocessing = 0;
		};
		35F114881F2F8576001ADF8E /* Sources */ = {
			isa = PBXSourcesBuildPhase;
			buildActionMask = 2147483647;
			files = (
				35F114911F2F8576001ADF8E /* ClientConnectUITests.swift in Sources */,
			);
			runOnlyForDeploymentPostprocessing = 0;
		};
/* End PBXSourcesBuildPhase section */

/* Begin PBXTargetDependency section */
		35F114831F2F8576001ADF8E /* PBXTargetDependency */ = {
			isa = PBXTargetDependency;
			target = 35F1146C1F2F8576001ADF8E /* ClientConnect */;
			targetProxy = 35F114821F2F8576001ADF8E /* PBXContainerItemProxy */;
		};
		35F1148E1F2F8576001ADF8E /* PBXTargetDependency */ = {
			isa = PBXTargetDependency;
			target = 35F1146C1F2F8576001ADF8E /* ClientConnect */;
			targetProxy = 35F1148D1F2F8576001ADF8E /* PBXContainerItemProxy */;
		};
/* End PBXTargetDependency section */

/* Begin PBXVariantGroup section */
		35F114741F2F8576001ADF8E /* Main.storyboard */ = {
			isa = PBXVariantGroup;
			children = (
				35F114751F2F8576001ADF8E /* Base */,
			);
			name = Main.storyboard;
			sourceTree = "<group>";
		};
		35F114791F2F8576001ADF8E /* LaunchScreen.storyboard */ = {
			isa = PBXVariantGroup;
			children = (
				35F1147A1F2F8576001ADF8E /* Base */,
			);
			name = LaunchScreen.storyboard;
			sourceTree = "<group>";
		};
/* End PBXVariantGroup section */

/* Begin XCBuildConfiguration section */
		35F114931F2F8576001ADF8E /* Debug */ = {
			isa = XCBuildConfiguration;
			buildSettings = {
				ALWAYS_SEARCH_USER_PATHS = NO;
				CLANG_ANALYZER_NONNULL = YES;
				CLANG_ANALYZER_NUMBER_OBJECT_CONVERSION = YES_AGGRESSIVE;
				CLANG_CXX_LANGUAGE_STANDARD = "gnu++0x";
				CLANG_CXX_LIBRARY = "libc++";
				CLANG_ENABLE_MODULES = YES;
				CLANG_ENABLE_OBJC_ARC = YES;
				CLANG_WARN_BOOL_CONVERSION = YES;
				CLANG_WARN_CONSTANT_CONVERSION = YES;
				CLANG_WARN_DIRECT_OBJC_ISA_USAGE = YES_ERROR;
				CLANG_WARN_DOCUMENTATION_COMMENTS = YES;
				CLANG_WARN_EMPTY_BODY = YES;
				CLANG_WARN_ENUM_CONVERSION = YES;
				CLANG_WARN_INFINITE_RECURSION = YES;
				CLANG_WARN_INT_CONVERSION = YES;
				CLANG_WARN_OBJC_ROOT_CLASS = YES_ERROR;
				CLANG_WARN_SUSPICIOUS_MOVE = YES;
				CLANG_WARN_UNREACHABLE_CODE = YES;
				CLANG_WARN__DUPLICATE_METHOD_MATCH = YES;
				"CODE_SIGN_IDENTITY[sdk=iphoneos*]" = "iPhone Developer";
				COPY_PHASE_STRIP = NO;
				DEBUG_INFORMATION_FORMAT = dwarf;
				ENABLE_STRICT_OBJC_MSGSEND = YES;
				ENABLE_TESTABILITY = YES;
				GCC_C_LANGUAGE_STANDARD = gnu99;
				GCC_DYNAMIC_NO_PIC = NO;
				GCC_NO_COMMON_BLOCKS = YES;
				GCC_OPTIMIZATION_LEVEL = 0;
				GCC_PREPROCESSOR_DEFINITIONS = (
					"DEBUG=1",
					"$(inherited)",
				);
				GCC_WARN_64_TO_32_BIT_CONVERSION = YES;
				GCC_WARN_ABOUT_RETURN_TYPE = YES_ERROR;
				GCC_WARN_UNDECLARED_SELECTOR = YES;
				GCC_WARN_UNINITIALIZED_AUTOS = YES_AGGRESSIVE;
				GCC_WARN_UNUSED_FUNCTION = YES;
				GCC_WARN_UNUSED_VARIABLE = YES;
				IPHONEOS_DEPLOYMENT_TARGET = 10.3;
				MTL_ENABLE_DEBUG_INFO = YES;
				ONLY_ACTIVE_ARCH = YES;
				SDKROOT = iphoneos;
				SWIFT_ACTIVE_COMPILATION_CONDITIONS = DEBUG;
				SWIFT_OPTIMIZATION_LEVEL = "-Onone";
			};
			name = Debug;
		};
		35F114941F2F8576001ADF8E /* Release */ = {
			isa = XCBuildConfiguration;
			buildSettings = {
				ALWAYS_SEARCH_USER_PATHS = NO;
				CLANG_ANALYZER_NONNULL = YES;
				CLANG_ANALYZER_NUMBER_OBJECT_CONVERSION = YES_AGGRESSIVE;
				CLANG_CXX_LANGUAGE_STANDARD = "gnu++0x";
				CLANG_CXX_LIBRARY = "libc++";
				CLANG_ENABLE_MODULES = YES;
				CLANG_ENABLE_OBJC_ARC = YES;
				CLANG_WARN_BOOL_CONVERSION = YES;
				CLANG_WARN_CONSTANT_CONVERSION = YES;
				CLANG_WARN_DIRECT_OBJC_ISA_USAGE = YES_ERROR;
				CLANG_WARN_DOCUMENTATION_COMMENTS = YES;
				CLANG_WARN_EMPTY_BODY = YES;
				CLANG_WARN_ENUM_CONVERSION = YES;
				CLANG_WARN_INFINITE_RECURSION = YES;
				CLANG_WARN_INT_CONVERSION = YES;
				CLANG_WARN_OBJC_ROOT_CLASS = YES_ERROR;
				CLANG_WARN_SUSPICIOUS_MOVE = YES;
				CLANG_WARN_UNREACHABLE_CODE = YES;
				CLANG_WARN__DUPLICATE_METHOD_MATCH = YES;
				"CODE_SIGN_IDENTITY[sdk=iphoneos*]" = "iPhone Developer";
				COPY_PHASE_STRIP = NO;
				DEBUG_INFORMATION_FORMAT = "dwarf-with-dsym";
				ENABLE_NS_ASSERTIONS = NO;
				ENABLE_STRICT_OBJC_MSGSEND = YES;
				GCC_C_LANGUAGE_STANDARD = gnu99;
				GCC_NO_COMMON_BLOCKS = YES;
				GCC_WARN_64_TO_32_BIT_CONVERSION = YES;
				GCC_WARN_ABOUT_RETURN_TYPE = YES_ERROR;
				GCC_WARN_UNDECLARED_SELECTOR = YES;
				GCC_WARN_UNINITIALIZED_AUTOS = YES_AGGRESSIVE;
				GCC_WARN_UNUSED_FUNCTION = YES;
				GCC_WARN_UNUSED_VARIABLE = YES;
				IPHONEOS_DEPLOYMENT_TARGET = 10.3;
				MTL_ENABLE_DEBUG_INFO = NO;
				SDKROOT = iphoneos;
				SWIFT_OPTIMIZATION_LEVEL = "-Owholemodule";
				VALIDATE_PRODUCT = YES;
			};
			name = Release;
		};
		35F114961F2F8576001ADF8E /* Debug */ = {
			isa = XCBuildConfiguration;
			baseConfigurationReference = 14E009215BFF2C8EB25081B7 /* Pods-ClientConnect.debug.xcconfig */;
			buildSettings = {
				ASSETCATALOG_COMPILER_APPICON_NAME = AppIcon;
				INFOPLIST_FILE = ClientConnect/Info.plist;
				LD_RUNPATH_SEARCH_PATHS = "$(inherited) @executable_path/Frameworks";
				PRODUCT_BUNDLE_IDENTIFIER = H.ClientConnect;
				PRODUCT_NAME = "$(TARGET_NAME)";
				SWIFT_VERSION = 3.0;
			};
			name = Debug;
		};
		35F114971F2F8576001ADF8E /* Release */ = {
			isa = XCBuildConfiguration;
			baseConfigurationReference = 7749FB55E9AECD91BEA95407 /* Pods-ClientConnect.release.xcconfig */;
			buildSettings = {
				ASSETCATALOG_COMPILER_APPICON_NAME = AppIcon;
				INFOPLIST_FILE = ClientConnect/Info.plist;
				LD_RUNPATH_SEARCH_PATHS = "$(inherited) @executable_path/Frameworks";
				PRODUCT_BUNDLE_IDENTIFIER = H.ClientConnect;
				PRODUCT_NAME = "$(TARGET_NAME)";
				SWIFT_VERSION = 3.0;
			};
			name = Release;
		};
		35F114991F2F8576001ADF8E /* Debug */ = {
			isa = XCBuildConfiguration;
			baseConfigurationReference = E12AA8D16C8EEB4713842F44 /* Pods-ClientConnectTests.debug.xcconfig */;
			buildSettings = {
				ALWAYS_EMBED_SWIFT_STANDARD_LIBRARIES = YES;
				BUNDLE_LOADER = "$(TEST_HOST)";
				INFOPLIST_FILE = ClientConnectTests/Info.plist;
				LD_RUNPATH_SEARCH_PATHS = "$(inherited) @executable_path/Frameworks @loader_path/Frameworks";
				PRODUCT_BUNDLE_IDENTIFIER = H.ClientConnectTests;
				PRODUCT_NAME = "$(TARGET_NAME)";
				SWIFT_VERSION = 3.0;
				TEST_HOST = "$(BUILT_PRODUCTS_DIR)/ClientConnect.app/ClientConnect";
			};
			name = Debug;
		};
		35F1149A1F2F8576001ADF8E /* Release */ = {
			isa = XCBuildConfiguration;
			baseConfigurationReference = 07635CE09A39B7806B3083C6 /* Pods-ClientConnectTests.release.xcconfig */;
			buildSettings = {
				ALWAYS_EMBED_SWIFT_STANDARD_LIBRARIES = YES;
				BUNDLE_LOADER = "$(TEST_HOST)";
				INFOPLIST_FILE = ClientConnectTests/Info.plist;
				LD_RUNPATH_SEARCH_PATHS = "$(inherited) @executable_path/Frameworks @loader_path/Frameworks";
				PRODUCT_BUNDLE_IDENTIFIER = H.ClientConnectTests;
				PRODUCT_NAME = "$(TARGET_NAME)";
				SWIFT_VERSION = 3.0;
				TEST_HOST = "$(BUILT_PRODUCTS_DIR)/ClientConnect.app/ClientConnect";
			};
			name = Release;
		};
		35F1149C1F2F8576001ADF8E /* Debug */ = {
			isa = XCBuildConfiguration;
			baseConfigurationReference = F9CFBD4111221F252CFCD1DE /* Pods-ClientConnectUITests.debug.xcconfig */;
			buildSettings = {
				ALWAYS_EMBED_SWIFT_STANDARD_LIBRARIES = YES;
				INFOPLIST_FILE = ClientConnectUITests/Info.plist;
				LD_RUNPATH_SEARCH_PATHS = "$(inherited) @executable_path/Frameworks @loader_path/Frameworks";
				PRODUCT_BUNDLE_IDENTIFIER = H.ClientConnectUITests;
				PRODUCT_NAME = "$(TARGET_NAME)";
				SWIFT_VERSION = 3.0;
				TEST_TARGET_NAME = ClientConnect;
			};
			name = Debug;
		};
		35F1149D1F2F8576001ADF8E /* Release */ = {
			isa = XCBuildConfiguration;
			baseConfigurationReference = 99819F3424C157B86629F7EE /* Pods-ClientConnectUITests.release.xcconfig */;
			buildSettings = {
				ALWAYS_EMBED_SWIFT_STANDARD_LIBRARIES = YES;
				INFOPLIST_FILE = ClientConnectUITests/Info.plist;
				LD_RUNPATH_SEARCH_PATHS = "$(inherited) @executable_path/Frameworks @loader_path/Frameworks";
				PRODUCT_BUNDLE_IDENTIFIER = H.ClientConnectUITests;
				PRODUCT_NAME = "$(TARGET_NAME)";
				SWIFT_VERSION = 3.0;
				TEST_TARGET_NAME = ClientConnect;
			};
			name = Release;
		};
/* End XCBuildConfiguration section */

/* Begin XCConfigurationList section */
		35F114681F2F8576001ADF8E /* Build configuration list for PBXProject "ClientConnect" */ = {
			isa = XCConfigurationList;
			buildConfigurations = (
				35F114931F2F8576001ADF8E /* Debug */,
				35F114941F2F8576001ADF8E /* Release */,
			);
			defaultConfigurationIsVisible = 0;
			defaultConfigurationName = Release;
		};
		35F114951F2F8576001ADF8E /* Build configuration list for PBXNativeTarget "ClientConnect" */ = {
			isa = XCConfigurationList;
			buildConfigurations = (
				35F114961F2F8576001ADF8E /* Debug */,
				35F114971F2F8576001ADF8E /* Release */,
			);
			defaultConfigurationIsVisible = 0;
			defaultConfigurationName = Release;
		};
		35F114981F2F8576001ADF8E /* Build configuration list for PBXNativeTarget "ClientConnectTests" */ = {
			isa = XCConfigurationList;
			buildConfigurations = (
				35F114991F2F8576001ADF8E /* Debug */,
				35F1149A1F2F8576001ADF8E /* Release */,
			);
			defaultConfigurationIsVisible = 0;
			defaultConfigurationName = Release;
		};
		35F1149B1F2F8576001ADF8E /* Build configuration list for PBXNativeTarget "ClientConnectUITests" */ = {
			isa = XCConfigurationList;
			buildConfigurations = (
				35F1149C1F2F8576001ADF8E /* Debug */,
				35F1149D1F2F8576001ADF8E /* Release */,
			);
			defaultConfigurationIsVisible = 0;
			defaultConfigurationName = Release;
		};
/* End XCConfigurationList section */
	};
	rootObject = 35F114651F2F8576001ADF8E /* Project object */;
}
